
Microsoft Visual Studio Solution File, Format Version 12.00
# Visual Studio Version 17
VisualStudioVersion = 17.0.31903.59
MinimumVisualStudioVersion = 10.0.40219.1
Project("{2150E333-8FDC-42A3-9474-1A3956D46DE8}") = "src", "src", "{827E0CD3-B72D-47B6-A68D-7590B98EB39B}"
EndProject
Project("{FAE04EC0-301F-11D3-BF4B-00C04F79EFBC}") = "MarkItDown.Core", "src\MarkItDown.Core\MarkItDown.Core.csproj", "{41810D1D-1334-44D8-BC07-C48B0D95E7D0}"
EndProject
Project("{2150E333-8FDC-42A3-9474-1A3956D46DE8}") = "tests", "tests", "{0AB3BF05-4346-4AA6-1389-037BE0695223}"
EndProject
Project("{FAE04EC0-301F-11D3-BF4B-00C04F79EFBC}") = "MarkItDown.Tests", "tests\MarkItDown.Tests\MarkItDown.Tests.csproj", "{3E8A1094-ABFE-47F9-B6CC-860FF04A68CD}"
EndProject
Project("{FAE04EC0-301F-11D3-BF4B-00C04F79EFBC}") = "MarkItDown.Cli", "src\MarkItDown.Cli\MarkItDown.Cli.csproj", "{40A88223-656B-4EAC-8FD6-6B4064C1B716}"
EndProject
Global
	GlobalSection(SolutionConfigurationPlatforms) = preSolution
		Debug|Any CPU = Debug|Any CPU
		Debug|x64 = Debug|x64
		Debug|x86 = Debug|x86
		Release|Any CPU = Release|Any CPU
		Release|x64 = Release|x64
		Release|x86 = Release|x86
	EndGlobalSection
	GlobalSection(ProjectConfigurationPlatforms) = postSolution
		{41810D1D-1334-44D8-BC07-C48B0D95E7D0}.Debug|Any CPU.ActiveCfg = Debug|Any CPU
		{41810D1D-1334-44D8-BC07-C48B0D95E7D0}.Debug|Any CPU.Build.0 = Debug|Any CPU
		{41810D1D-1334-44D8-BC07-C48B0D95E7D0}.Debug|x64.ActiveCfg = Debug|Any CPU
		{41810D1D-1334-44D8-BC07-C48B0D95E7D0}.Debug|x64.Build.0 = Debug|Any CPU
		{41810D1D-1334-44D8-BC07-C48B0D95E7D0}.Debug|x86.ActiveCfg = Debug|Any CPU
		{41810D1D-1334-44D8-BC07-C48B0D95E7D0}.Debug|x86.Build.0 = Debug|Any CPU
		{41810D1D-1334-44D8-BC07-C48B0D95E7D0}.Release|Any CPU.ActiveCfg = Release|Any CPU
		{41810D1D-1334-44D8-BC07-C48B0D95E7D0}.Release|Any CPU.Build.0 = Release|Any CPU
		{41810D1D-1334-44D8-BC07-C48B0D95E7D0}.Release|x64.ActiveCfg = Release|Any CPU
		{41810D1D-1334-44D8-BC07-C48B0D95E7D0}.Release|x64.Build.0 = Release|Any CPU
		{41810D1D-1334-44D8-BC07-C48B0D95E7D0}.Release|x86.ActiveCfg = Release|Any CPU
		{41810D1D-1334-44D8-BC07-C48B0D95E7D0}.Release|x86.Build.0 = Release|Any CPU
		{3E8A1094-ABFE-47F9-B6CC-860FF04A68CD}.Debug|Any CPU.ActiveCfg = Debug|Any CPU
		{3E8A1094-ABFE-47F9-B6CC-860FF04A68CD}.Debug|Any CPU.Build.0 = Debug|Any CPU
		{3E8A1094-ABFE-47F9-B6CC-860FF04A68CD}.Debug|x64.ActiveCfg = Debug|Any CPU
		{3E8A1094-ABFE-47F9-B6CC-860FF04A68CD}.Debug|x64.Build.0 = Debug|Any CPU
		{3E8A1094-ABFE-47F9-B6CC-860FF04A68CD}.Debug|x86.ActiveCfg = Debug|Any CPU
		{3E8A1094-ABFE-47F9-B6CC-860FF04A68CD}.Debug|x86.Build.0 = Debug|Any CPU
		{3E8A1094-ABFE-47F9-B6CC-860FF04A68CD}.Release|Any CPU.ActiveCfg = Release|Any CPU
		{3E8A1094-ABFE-47F9-B6CC-860FF04A68CD}.Release|Any CPU.Build.0 = Release|Any CPU
		{3E8A1094-ABFE-47F9-B6CC-860FF04A68CD}.Release|x64.ActiveCfg = Release|Any CPU
		{3E8A1094-ABFE-47F9-B6CC-860FF04A68CD}.Release|x64.Build.0 = Release|Any CPU
		{3E8A1094-ABFE-47F9-B6CC-860FF04A68CD}.Release|x86.ActiveCfg = Release|Any CPU
		{3E8A1094-ABFE-47F9-B6CC-860FF04A68CD}.Release|x86.Build.0 = Release|Any CPU
		{40A88223-656B-4EAC-8FD6-6B4064C1B716}.Debug|Any CPU.ActiveCfg = Debug|Any CPU
		{40A88223-656B-4EAC-8FD6-6B4064C1B716}.Debug|Any CPU.Build.0 = Debug|Any CPU
		{40A88223-656B-4EAC-8FD6-6B4064C1B716}.Debug|x64.ActiveCfg = Debug|Any CPU
		{40A88223-656B-4EAC-8FD6-6B4064C1B716}.Debug|x64.Build.0 = Debug|Any CPU
		{40A88223-656B-4EAC-8FD6-6B4064C1B716}.Debug|x86.ActiveCfg = Debug|Any CPU
		{40A88223-656B-4EAC-8FD6-6B4064C1B716}.Debug|x86.Build.0 = Debug|Any CPU
		{40A88223-656B-4EAC-8FD6-6B4064C1B716}.Release|Any CPU.ActiveCfg = Release|Any CPU
		{40A88223-656B-4EAC-8FD6-6B4064C1B716}.Release|Any CPU.Build.0 = Release|Any CPU
		{40A88223-656B-4EAC-8FD6-6B4064C1B716}.Release|x64.ActiveCfg = Release|Any CPU
		{40A88223-656B-4EAC-8FD6-6B4064C1B716}.Release|x64.Build.0 = Release|Any CPU
		{40A88223-656B-4EAC-8FD6-6B4064C1B716}.Release|x86.ActiveCfg = Release|Any CPU
		{40A88223-656B-4EAC-8FD6-6B4064C1B716}.Release|x86.Build.0 = Release|Any CPU
	EndGlobalSection
	GlobalSection(SolutionProperties) = preSolution
		HideSolutionNode = FALSE
	EndGlobalSection
	GlobalSection(NestedProjects) = preSolution
		{41810D1D-1334-44D8-BC07-C48B0D95E7D0} = {827E0CD3-B72D-47B6-A68D-7590B98EB39B}
		{3E8A1094-ABFE-47F9-B6CC-860FF04A68CD} = {0AB3BF05-4346-4AA6-1389-037BE0695223}
		{40A88223-656B-4EAC-8FD6-6B4064C1B716} = {827E0CD3-B72D-47B6-A68D-7590B98EB39B}
	EndGlobalSection
EndGlobal
